
Microsoft Visual Studio Solution File, Format Version 12.00
# Visual Studio Version 17
VisualStudioVersion = 17.5.33530.505
MinimumVisualStudioVersion = 10.0.40219.1
Project("{9A19103F-16F7-4668-BE54-9A1E7A4F7556}") = "GameServer", "GameServer\GameServer.csproj", "{20EE235C-43E0-4F32-B3AF-04411607B42B}"
EndProject
Project("{FAE04EC0-301F-11D3-BF4B-00C04F79EFBC}") = "HttpServer", "HttpServer\HttpServer.csproj", "{E70AE34A-A4E8-4CC0-B56B-2947FD60B9E7}"
EndProject
Project("{FAE04EC0-301F-11D3-BF4B-00C04F79EFBC}") = "Common", "Common\Common.csproj", "{900F3E4E-5421-4A04-B2E9-4C7AB82B214C}"
EndProject
Global
	GlobalSection(SolutionConfigurationPlatforms) = preSolution
		Debug|Any CPU = Debug|Any CPU
		Debug|x64 = Debug|x64
		Release|Any CPU = Release|Any CPU
		Release|x64 = Release|x64
	EndGlobalSection
	GlobalSection(ProjectConfigurationPlatforms) = postSolution
		{20EE235C-43E0-4F32-B3AF-04411607B42B}.Debug|Any CPU.ActiveCfg = Debug|Any CPU
		{20EE235C-43E0-4F32-B3AF-04411607B42B}.Debug|Any CPU.Build.0 = Debug|Any CPU
		{20EE235C-43E0-4F32-B3AF-04411607B42B}.Debug|x64.ActiveCfg = Debug|x64
		{20EE235C-43E0-4F32-B3AF-04411607B42B}.Debug|x64.Build.0 = Debug|x64
		{20EE235C-43E0-4F32-B3AF-04411607B42B}.Release|Any CPU.ActiveCfg = Release|Any CPU
		{20EE235C-43E0-4F32-B3AF-04411607B42B}.Release|Any CPU.Build.0 = Release|Any CPU
		{20EE235C-43E0-4F32-B3AF-04411607B42B}.Release|x64.ActiveCfg = Release|x64
		{20EE235C-43E0-4F32-B3AF-04411607B42B}.Release|x64.Build.0 = Release|x64
		{E70AE34A-A4E8-4CC0-B56B-2947FD60B9E7}.Debug|Any CPU.ActiveCfg = Debug|Any CPU
		{E70AE34A-A4E8-4CC0-B56B-2947FD60B9E7}.Debug|Any CPU.Build.0 = Debug|Any CPU
		{E70AE34A-A4E8-4CC0-B56B-2947FD60B9E7}.Debug|x64.ActiveCfg = Debug|Any CPU
		{E70AE34A-A4E8-4CC0-B56B-2947FD60B9E7}.Debug|x64.Build.0 = Debug|Any CPU
		{E70AE34A-A4E8-4CC0-B56B-2947FD60B9E7}.Release|Any CPU.ActiveCfg = Release|Any CPU
		{E70AE34A-A4E8-4CC0-B56B-2947FD60B9E7}.Release|Any CPU.Build.0 = Release|Any CPU
		{E70AE34A-A4E8-4CC0-B56B-2947FD60B9E7}.Release|x64.ActiveCfg = Release|Any CPU
		{E70AE34A-A4E8-4CC0-B56B-2947FD60B9E7}.Release|x64.Build.0 = Release|Any CPU
		{900F3E4E-5421-4A04-B2E9-4C7AB82B214C}.Debug|Any CPU.ActiveCfg = Debug|Any CPU
		{900F3E4E-5421-4A04-B2E9-4C7AB82B214C}.Debug|Any CPU.Build.0 = Debug|Any CPU
		{900F3E4E-5421-4A04-B2E9-4C7AB82B214C}.Debug|x64.ActiveCfg = Debug|Any CPU
		{900F3E4E-5421-4A04-B2E9-4C7AB82B214C}.Debug|x64.Build.0 = Debug|Any CPU
		{900F3E4E-5421-4A04-B2E9-4C7AB82B214C}.Release|Any CPU.ActiveCfg = Release|Any CPU
		{900F3E4E-5421-4A04-B2E9-4C7AB82B214C}.Release|Any CPU.Build.0 = Release|Any CPU
		{900F3E4E-5421-4A04-B2E9-4C7AB82B214C}.Release|x64.ActiveCfg = Release|Any CPU
		{900F3E4E-5421-4A04-B2E9-4C7AB82B214C}.Release|x64.Build.0 = Release|Any CPU
	EndGlobalSection
	GlobalSection(SolutionProperties) = preSolution
		HideSolutionNode = FALSE
	EndGlobalSection
	GlobalSection(ExtensibilityGlobals) = postSolution
		SolutionGuid = {32CF6AFA-337A-4A63-A63E-E093C070D12D}
	EndGlobalSection
EndGlobal
